
Microsoft Visual Studio Solution File, Format Version 12.00
# Visual Studio Version 17
VisualStudioVersion = 17.11.35312.102
MinimumVisualStudioVersion = 10.0.40219.1
Project("{FAE04EC0-301F-11D3-BF4B-00C04F79EFBC}") = "CostPrediction", "CostPrediction.csproj", "{82B91179-FE88-4C1A-8836-065DC8CA53C7}"
EndProject
Global
	GlobalSection(SolutionConfigurationPlatforms) = preSolution
		Debug|Any CPU = Debug|Any CPU
		Release|Any CPU = Release|Any CPU
	EndGlobalSection
	GlobalSection(ProjectConfigurationPlatforms) = postSolution
		{82B91179-FE88-4C1A-8836-065DC8CA53C7}.Debug|Any CPU.ActiveCfg = Debug|Any CPU
		{82B91179-FE88-4C1A-8836-065DC8CA53C7}.Debug|Any CPU.Build.0 = Debug|Any CPU
		{82B91179-FE88-4C1A-8836-065DC8CA53C7}.Release|Any CPU.ActiveCfg = Release|Any CPU
		{82B91179-FE88-4C1A-8836-065DC8CA53C7}.Release|Any CPU.Build.0 = Release|Any CPU
	EndGlobalSection
	GlobalSection(SolutionProperties) = preSolution
		HideSolutionNode = FALSE
	EndGlobalSection
	GlobalSection(ExtensibilityGlobals) = postSolution
		SolutionGuid = {CBD84D24-F10D-4AE9-B3A8-31D55CF47FAA}
	EndGlobalSection
EndGlobal
